# generated by rye
# use `rye lock` or `rye sync` to update this lockfile
#
# last locked with the following flags:
#   pre: false
#   features: []
#   all-features: false

-e file:.
libusb1==3.0.0
markdown-it-py==3.0.0
mdurl==0.1.2
ndeflib==0.3.3
nfcpy==1.0.4
pydes==2.0.1
pygments==2.15.1
pyserial==3.5
rich==13.4.2
